
Microsoft Visual Studio Solution File, Format Version 12.00
# Visual Studio Version 17
VisualStudioVersion = 17.0.32014.148
MinimumVisualStudioVersion = 10.0.40219.1
Project("{8BC9CEB8-8B4A-11D0-8D11-00A0C91BC942}") = "Server", "Server\Server.vcxproj", "{60940FC7-B27F-4B71-89A3-7D6B6276C62A}"
EndProject
Global
	GlobalSection(SolutionConfigurationPlatforms) = preSolution
		Debug|x64 = Debug|x64
		Debug|x86 = Debug|x86
		Release|x64 = Release|x64
		Release|x86 = Release|x86
	EndGlobalSection
	GlobalSection(ProjectConfigurationPlatforms) = postSolution
		{60940FC7-B27F-4B71-89A3-7D6B6276C62A}.Debug|x64.ActiveCfg = Debug|x64
		{60940FC7-B27F-4B71-89A3-7D6B6276C62A}.Debug|x64.Build.0 = Debug|x64
		{60940FC7-B27F-4B71-89A3-7D6B6276C62A}.Debug|x86.ActiveCfg = Debug|Win32
		{60940FC7-B27F-4B71-89A3-7D6B6276C62A}.Debug|x86.Build.0 = Debug|Win32
		{60940FC7-B27F-4B71-89A3-7D6B6276C62A}.Release|x64.ActiveCfg = Release|x64
		{60940FC7-B27F-4B71-89A3-7D6B6276C62A}.Release|x64.Build.0 = Release|x64
		{60940FC7-B27F-4B71-89A3-7D6B6276C62A}.Release|x86.ActiveCfg = Release|Win32
		{60940FC7-B27F-4B71-89A3-7D6B6276C62A}.Release|x86.Build.0 = Release|Win32
	EndGlobalSection
	GlobalSection(SolutionProperties) = preSolution
		HideSolutionNode = FALSE
	EndGlobalSection
	GlobalSection(ExtensibilityGlobals) = postSolution
		SolutionGuid = {8F9EDE0C-4057-4653-B202-E9A390CECB99}
	EndGlobalSection
EndGlobal
